
Microsoft Visual Studio Solution File, Format Version 12.00
# Visual Studio Version 17
VisualStudioVersion = 17.11.35303.130
MinimumVisualStudioVersion = 10.0.40219.1
Project("{FAE04EC0-301F-11D3-BF4B-00C04F79EFBC}") = "sonicheroes.amyespio.abilities", "sonicheroes.amyespio.abilities.csproj", "{72F3A8BC-586E-4F10-B3E9-516C759DD806}"
EndProject
Global
	GlobalSection(SolutionConfigurationPlatforms) = preSolution
		Debug|Any CPU = Debug|Any CPU
		Release|Any CPU = Release|Any CPU
	EndGlobalSection
	GlobalSection(ProjectConfigurationPlatforms) = postSolution
		{72F3A8BC-586E-4F10-B3E9-516C759DD806}.Debug|Any CPU.ActiveCfg = Debug|Any CPU
		{72F3A8BC-586E-4F10-B3E9-516C759DD806}.Debug|Any CPU.Build.0 = Debug|Any CPU
		{72F3A8BC-586E-4F10-B3E9-516C759DD806}.Release|Any CPU.ActiveCfg = Release|Any CPU
		{72F3A8BC-586E-4F10-B3E9-516C759DD806}.Release|Any CPU.Build.0 = Release|Any CPU
	EndGlobalSection
	GlobalSection(SolutionProperties) = preSolution
		HideSolutionNode = FALSE
	EndGlobalSection
	GlobalSection(ExtensibilityGlobals) = postSolution
		SolutionGuid = {0112625D-F4F6-4EAE-A47C-505CBE280309}
	EndGlobalSection
EndGlobal
